{
	"name": "css-to-html",
	"version": "0.6.2",
	"lockfileVersion": 2,
	"requires": true,
	"packages": {
		"": {
			"name": "css-to-html",
			"version": "0.6.2",
			"license": "MIT",
			"dependencies": {
				"css-selector-parser": "^2.3.2",
				"dompurify": "^3.1.4"
			},
			"devDependencies": {
				"@playwright/test": "^1.35.1",
				"@types/dompurify": "^3.0.5"
			}
		},
		"node_modules/@playwright/test": {
			"version": "1.45.1",
			"resolved": "https://registry.npmjs.org/@playwright/test/-/test-1.45.1.tgz",
			"integrity": "sha512-Wo1bWTzQvGA7LyKGIZc8nFSTFf2TkthGIFBR+QVNilvwouGzFd4PYukZe3rvf5PSqjHi1+1NyKSDZKcQWETzaA==",
			"dev": true,
			"dependencies": {
				"playwright": "1.45.1"
			},
			"bin": {
				"playwright": "cli.js"
			},
			"engines": {
				"node": ">=18"
			}
		},
		"node_modules/@types/dompurify": {
			"version": "3.0.5",
			"resolved": "https://registry.npmjs.org/@types/dompurify/-/dompurify-3.0.5.tgz",
			"integrity": "sha512-1Wg0g3BtQF7sSb27fJQAKck1HECM6zV1EB66j8JH9i3LCjYabJa0FSdiSgsD5K/RbrsR0SiraKacLB+T8ZVYAg==",
			"dev": true,
			"dependencies": {
				"@types/trusted-types": "*"
			}
		},
		"node_modules/@types/trusted-types": {
			"version": "2.0.7",
			"resolved": "https://registry.npmjs.org/@types/trusted-types/-/trusted-types-2.0.7.tgz",
			"integrity": "sha512-ScaPdn1dQczgbl0QFTeTOmVHFULt394XJgOQNoyVhZ6r2vLnMLJfBPd53SB52T/3G36VI1/g2MZaX0cwDuXsfw==",
			"dev": true
		},
		"node_modules/css-selector-parser": {
			"version": "2.3.2",
			"resolved": "https://registry.npmjs.org/css-selector-parser/-/css-selector-parser-2.3.2.tgz",
			"integrity": "sha512-JjnG6/pdLJh3iqipq7kteNVtbIczsU2A1cNxb+VAiniSuNmrB/NI3us4rSCfArvlwRXYly+jZhUUfEoInSH9Qg==",
			"funding": [
				{
					"type": "github",
					"url": "https://github.com/sponsors/mdevils"
				},
				{
					"type": "patreon",
					"url": "https://patreon.com/mdevils"
				}
			]
		},
		"node_modules/dompurify": {
			"version": "3.1.6",
			"resolved": "https://registry.npmjs.org/dompurify/-/dompurify-3.1.6.tgz",
			"integrity": "sha512-cTOAhc36AalkjtBpfG6O8JimdTMWNXjiePT2xQH/ppBGi/4uIpmj8eKyIkMJErXWARyINV/sB38yf8JCLF5pbQ=="
		},
		"node_modules/fsevents": {
			"version": "2.3.2",
			"resolved": "https://registry.npmjs.org/fsevents/-/fsevents-2.3.2.tgz",
			"integrity": "sha512-xiqMQR4xAeHTuB9uWm+fFRcIOgKBMiOBP+eXiyT7jsgVCq1bkVygt00oASowB7EdtpOHaaPgKt812P9ab+DDKA==",
			"dev": true,
			"hasInstallScript": true,
			"optional": true,
			"os": [
				"darwin"
			],
			"engines": {
				"node": "^8.16.0 || ^10.6.0 || >=11.0.0"
			}
		},
		"node_modules/playwright": {
			"version": "1.45.1",
			"resolved": "https://registry.npmjs.org/playwright/-/playwright-1.45.1.tgz",
			"integrity": "sha512-Hjrgae4kpSQBr98nhCj3IScxVeVUixqj+5oyif8TdIn2opTCPEzqAqNMeK42i3cWDCVu9MI+ZsGWw+gVR4ISBg==",
			"dev": true,
			"dependencies": {
				"playwright-core": "1.45.1"
			},
			"bin": {
				"playwright": "cli.js"
			},
			"engines": {
				"node": ">=18"
			},
			"optionalDependencies": {
				"fsevents": "2.3.2"
			}
		},
		"node_modules/playwright-core": {
			"version": "1.45.1",
			"resolved": "https://registry.npmjs.org/playwright-core/-/playwright-core-1.45.1.tgz",
			"integrity": "sha512-LF4CUUtrUu2TCpDw4mcrAIuYrEjVDfT1cHbJMfwnE2+1b8PZcFzPNgvZCvq2JfQ4aTjRCCHw5EJ2tmr2NSzdPg==",
			"dev": true,
			"bin": {
				"playwright-core": "cli.js"
			},
			"engines": {
				"node": ">=18"
			}
		}
	},
	"dependencies": {
		"@playwright/test": {
			"version": "1.45.1",
			"resolved": "https://registry.npmjs.org/@playwright/test/-/test-1.45.1.tgz",
			"integrity": "sha512-Wo1bWTzQvGA7LyKGIZc8nFSTFf2TkthGIFBR+QVNilvwouGzFd4PYukZe3rvf5PSqjHi1+1NyKSDZKcQWETzaA==",
			"dev": true,
			"requires": {
				"playwright": "1.45.1"
			}
		},
		"@types/dompurify": {
			"version": "3.0.5",
			"resolved": "https://registry.npmjs.org/@types/dompurify/-/dompurify-3.0.5.tgz",
			"integrity": "sha512-1Wg0g3BtQF7sSb27fJQAKck1HECM6zV1EB66j8JH9i3LCjYabJa0FSdiSgsD5K/RbrsR0SiraKacLB+T8ZVYAg==",
			"dev": true,
			"requires": {
				"@types/trusted-types": "*"
			}
		},
		"@types/trusted-types": {
			"version": "2.0.7",
			"resolved": "https://registry.npmjs.org/@types/trusted-types/-/trusted-types-2.0.7.tgz",
			"integrity": "sha512-ScaPdn1dQczgbl0QFTeTOmVHFULt394XJgOQNoyVhZ6r2vLnMLJfBPd53SB52T/3G36VI1/g2MZaX0cwDuXsfw==",
			"dev": true
		},
		"css-selector-parser": {
			"version": "2.3.2",
			"resolved": "https://registry.npmjs.org/css-selector-parser/-/css-selector-parser-2.3.2.tgz",
			"integrity": "sha512-JjnG6/pdLJh3iqipq7kteNVtbIczsU2A1cNxb+VAiniSuNmrB/NI3us4rSCfArvlwRXYly+jZhUUfEoInSH9Qg=="
		},
		"dompurify": {
			"version": "3.1.6",
			"resolved": "https://registry.npmjs.org/dompurify/-/dompurify-3.1.6.tgz",
			"integrity": "sha512-cTOAhc36AalkjtBpfG6O8JimdTMWNXjiePT2xQH/ppBGi/4uIpmj8eKyIkMJErXWARyINV/sB38yf8JCLF5pbQ=="
		},
		"fsevents": {
			"version": "2.3.2",
			"resolved": "https://registry.npmjs.org/fsevents/-/fsevents-2.3.2.tgz",
			"integrity": "sha512-xiqMQR4xAeHTuB9uWm+fFRcIOgKBMiOBP+eXiyT7jsgVCq1bkVygt00oASowB7EdtpOHaaPgKt812P9ab+DDKA==",
			"dev": true,
			"optional": true
		},
		"playwright": {
			"version": "1.45.1",
			"resolved": "https://registry.npmjs.org/playwright/-/playwright-1.45.1.tgz",
			"integrity": "sha512-Hjrgae4kpSQBr98nhCj3IScxVeVUixqj+5oyif8TdIn2opTCPEzqAqNMeK42i3cWDCVu9MI+ZsGWw+gVR4ISBg==",
			"dev": true,
			"requires": {
				"fsevents": "2.3.2",
				"playwright-core": "1.45.1"
			}
		},
		"playwright-core": {
			"version": "1.45.1",
			"resolved": "https://registry.npmjs.org/playwright-core/-/playwright-core-1.45.1.tgz",
			"integrity": "sha512-LF4CUUtrUu2TCpDw4mcrAIuYrEjVDfT1cHbJMfwnE2+1b8PZcFzPNgvZCvq2JfQ4aTjRCCHw5EJ2tmr2NSzdPg==",
			"dev": true
		}
	}
}
