{
	"name": "css-to-html",
	"version": "0.7.0",
	"lockfileVersion": 2,
	"requires": true,
	"packages": {
		"": {
			"name": "css-to-html",
			"version": "0.7.0",
			"license": "MIT",
			"dependencies": {
				"css-selector-parser": "^2.3.2",
				"dompurify": "^3.1.6"
			},
			"devDependencies": {
				"@playwright/test": "^1.47.0",
				"@types/dompurify": "^3.0.5",
				"typescript": "^5.6.2"
			}
		},
		"node_modules/@playwright/test": {
			"version": "1.47.0",
			"resolved": "https://registry.npmjs.org/@playwright/test/-/test-1.47.0.tgz",
			"integrity": "sha512-SgAdlSwYVpToI4e/IH19IHHWvoijAYH5hu2MWSXptRypLSnzj51PcGD+rsOXFayde4P9ZLi+loXVwArg6IUkCA==",
			"dev": true,
			"license": "Apache-2.0",
			"dependencies": {
				"playwright": "1.47.0"
			},
			"bin": {
				"playwright": "cli.js"
			},
			"engines": {
				"node": ">=18"
			}
		},
		"node_modules/@types/dompurify": {
			"version": "3.0.5",
			"resolved": "https://registry.npmjs.org/@types/dompurify/-/dompurify-3.0.5.tgz",
			"integrity": "sha512-1Wg0g3BtQF7sSb27fJQAKck1HECM6zV1EB66j8JH9i3LCjYabJa0FSdiSgsD5K/RbrsR0SiraKacLB+T8ZVYAg==",
			"dev": true,
			"dependencies": {
				"@types/trusted-types": "*"
			}
		},
		"node_modules/@types/trusted-types": {
			"version": "2.0.7",
			"resolved": "https://registry.npmjs.org/@types/trusted-types/-/trusted-types-2.0.7.tgz",
			"integrity": "sha512-ScaPdn1dQczgbl0QFTeTOmVHFULt394XJgOQNoyVhZ6r2vLnMLJfBPd53SB52T/3G36VI1/g2MZaX0cwDuXsfw==",
			"dev": true
		},
		"node_modules/css-selector-parser": {
			"version": "2.3.2",
			"resolved": "https://registry.npmjs.org/css-selector-parser/-/css-selector-parser-2.3.2.tgz",
			"integrity": "sha512-JjnG6/pdLJh3iqipq7kteNVtbIczsU2A1cNxb+VAiniSuNmrB/NI3us4rSCfArvlwRXYly+jZhUUfEoInSH9Qg==",
			"funding": [
				{
					"type": "github",
					"url": "https://github.com/sponsors/mdevils"
				},
				{
					"type": "patreon",
					"url": "https://patreon.com/mdevils"
				}
			]
		},
		"node_modules/dompurify": {
			"version": "3.1.6",
			"resolved": "https://registry.npmjs.org/dompurify/-/dompurify-3.1.6.tgz",
			"integrity": "sha512-cTOAhc36AalkjtBpfG6O8JimdTMWNXjiePT2xQH/ppBGi/4uIpmj8eKyIkMJErXWARyINV/sB38yf8JCLF5pbQ==",
			"license": "(MPL-2.0 OR Apache-2.0)"
		},
		"node_modules/fsevents": {
			"version": "2.3.2",
			"resolved": "https://registry.npmjs.org/fsevents/-/fsevents-2.3.2.tgz",
			"integrity": "sha512-xiqMQR4xAeHTuB9uWm+fFRcIOgKBMiOBP+eXiyT7jsgVCq1bkVygt00oASowB7EdtpOHaaPgKt812P9ab+DDKA==",
			"dev": true,
			"hasInstallScript": true,
			"optional": true,
			"os": [
				"darwin"
			],
			"engines": {
				"node": "^8.16.0 || ^10.6.0 || >=11.0.0"
			}
		},
		"node_modules/playwright": {
			"version": "1.47.0",
			"resolved": "https://registry.npmjs.org/playwright/-/playwright-1.47.0.tgz",
			"integrity": "sha512-jOWiRq2pdNAX/mwLiwFYnPHpEZ4rM+fRSQpRHwEwZlP2PUANvL3+aJOF/bvISMhFD30rqMxUB4RJx9aQbfh4Ww==",
			"dev": true,
			"license": "Apache-2.0",
			"dependencies": {
				"playwright-core": "1.47.0"
			},
			"bin": {
				"playwright": "cli.js"
			},
			"engines": {
				"node": ">=18"
			},
			"optionalDependencies": {
				"fsevents": "2.3.2"
			}
		},
		"node_modules/playwright-core": {
			"version": "1.47.0",
			"resolved": "https://registry.npmjs.org/playwright-core/-/playwright-core-1.47.0.tgz",
			"integrity": "sha512-1DyHT8OqkcfCkYUD9zzUTfg7EfTd+6a8MkD/NWOvjo0u/SCNd5YmY/lJwFvUZOxJbWNds+ei7ic2+R/cRz/PDg==",
			"dev": true,
			"license": "Apache-2.0",
			"bin": {
				"playwright-core": "cli.js"
			},
			"engines": {
				"node": ">=18"
			}
		},
		"node_modules/typescript": {
			"version": "5.6.2",
			"resolved": "https://registry.npmjs.org/typescript/-/typescript-5.6.2.tgz",
			"integrity": "sha512-NW8ByodCSNCwZeghjN3o+JX5OFH0Ojg6sadjEKY4huZ52TqbJTJnDo5+Tw98lSy63NZvi4n+ez5m2u5d4PkZyw==",
			"dev": true,
			"license": "Apache-2.0",
			"bin": {
				"tsc": "bin/tsc",
				"tsserver": "bin/tsserver"
			},
			"engines": {
				"node": ">=14.17"
			}
		}
	},
	"dependencies": {
		"@playwright/test": {
			"version": "1.47.0",
			"resolved": "https://registry.npmjs.org/@playwright/test/-/test-1.47.0.tgz",
			"integrity": "sha512-SgAdlSwYVpToI4e/IH19IHHWvoijAYH5hu2MWSXptRypLSnzj51PcGD+rsOXFayde4P9ZLi+loXVwArg6IUkCA==",
			"dev": true,
			"requires": {
				"playwright": "1.47.0"
			}
		},
		"@types/dompurify": {
			"version": "3.0.5",
			"resolved": "https://registry.npmjs.org/@types/dompurify/-/dompurify-3.0.5.tgz",
			"integrity": "sha512-1Wg0g3BtQF7sSb27fJQAKck1HECM6zV1EB66j8JH9i3LCjYabJa0FSdiSgsD5K/RbrsR0SiraKacLB+T8ZVYAg==",
			"dev": true,
			"requires": {
				"@types/trusted-types": "*"
			}
		},
		"@types/trusted-types": {
			"version": "2.0.7",
			"resolved": "https://registry.npmjs.org/@types/trusted-types/-/trusted-types-2.0.7.tgz",
			"integrity": "sha512-ScaPdn1dQczgbl0QFTeTOmVHFULt394XJgOQNoyVhZ6r2vLnMLJfBPd53SB52T/3G36VI1/g2MZaX0cwDuXsfw==",
			"dev": true
		},
		"css-selector-parser": {
			"version": "2.3.2",
			"resolved": "https://registry.npmjs.org/css-selector-parser/-/css-selector-parser-2.3.2.tgz",
			"integrity": "sha512-JjnG6/pdLJh3iqipq7kteNVtbIczsU2A1cNxb+VAiniSuNmrB/NI3us4rSCfArvlwRXYly+jZhUUfEoInSH9Qg=="
		},
		"dompurify": {
			"version": "3.1.6",
			"resolved": "https://registry.npmjs.org/dompurify/-/dompurify-3.1.6.tgz",
			"integrity": "sha512-cTOAhc36AalkjtBpfG6O8JimdTMWNXjiePT2xQH/ppBGi/4uIpmj8eKyIkMJErXWARyINV/sB38yf8JCLF5pbQ=="
		},
		"fsevents": {
			"version": "2.3.2",
			"resolved": "https://registry.npmjs.org/fsevents/-/fsevents-2.3.2.tgz",
			"integrity": "sha512-xiqMQR4xAeHTuB9uWm+fFRcIOgKBMiOBP+eXiyT7jsgVCq1bkVygt00oASowB7EdtpOHaaPgKt812P9ab+DDKA==",
			"dev": true,
			"optional": true
		},
		"playwright": {
			"version": "1.47.0",
			"resolved": "https://registry.npmjs.org/playwright/-/playwright-1.47.0.tgz",
			"integrity": "sha512-jOWiRq2pdNAX/mwLiwFYnPHpEZ4rM+fRSQpRHwEwZlP2PUANvL3+aJOF/bvISMhFD30rqMxUB4RJx9aQbfh4Ww==",
			"dev": true,
			"requires": {
				"fsevents": "2.3.2",
				"playwright-core": "1.47.0"
			}
		},
		"playwright-core": {
			"version": "1.47.0",
			"resolved": "https://registry.npmjs.org/playwright-core/-/playwright-core-1.47.0.tgz",
			"integrity": "sha512-1DyHT8OqkcfCkYUD9zzUTfg7EfTd+6a8MkD/NWOvjo0u/SCNd5YmY/lJwFvUZOxJbWNds+ei7ic2+R/cRz/PDg==",
			"dev": true
		},
		"typescript": {
			"version": "5.6.2",
			"resolved": "https://registry.npmjs.org/typescript/-/typescript-5.6.2.tgz",
			"integrity": "sha512-NW8ByodCSNCwZeghjN3o+JX5OFH0Ojg6sadjEKY4huZ52TqbJTJnDo5+Tw98lSy63NZvi4n+ez5m2u5d4PkZyw==",
			"dev": true
		}
	}
}
