{
	"name": "css-to-html",
	"version": "0.6.2",
	"lockfileVersion": 2,
	"requires": true,
	"packages": {
		"": {
			"name": "css-to-html",
			"version": "0.6.2",
			"license": "MIT",
			"dependencies": {
				"css-selector-parser": "^3.0.5",
				"dompurify": "^3.1.4"
			},
			"devDependencies": {
				"@playwright/test": "^1.35.1",
				"@types/dompurify": "^3.0.5"
			}
		},
		"node_modules/@playwright/test": {
			"version": "1.35.1",
			"resolved": "https://registry.npmjs.org/@playwright/test/-/test-1.35.1.tgz",
			"integrity": "sha512-b5YoFe6J9exsMYg0pQAobNDR85T1nLumUYgUTtKm4d21iX2L7WqKq9dW8NGJ+2vX0etZd+Y7UeuqsxDXm9+5ZA==",
			"dev": true,
			"dependencies": {
				"@types/node": "*",
				"playwright-core": "1.35.1"
			},
			"bin": {
				"playwright": "cli.js"
			},
			"engines": {
				"node": ">=16"
			},
			"optionalDependencies": {
				"fsevents": "2.3.2"
			}
		},
		"node_modules/@types/dompurify": {
			"version": "3.0.5",
			"resolved": "https://registry.npmjs.org/@types/dompurify/-/dompurify-3.0.5.tgz",
			"integrity": "sha512-1Wg0g3BtQF7sSb27fJQAKck1HECM6zV1EB66j8JH9i3LCjYabJa0FSdiSgsD5K/RbrsR0SiraKacLB+T8ZVYAg==",
			"dev": true,
			"dependencies": {
				"@types/trusted-types": "*"
			}
		},
		"node_modules/@types/node": {
			"version": "20.4.0",
			"resolved": "https://registry.npmjs.org/@types/node/-/node-20.4.0.tgz",
			"integrity": "sha512-jfT7iTf/4kOQ9S7CHV9BIyRaQqHu67mOjsIQBC3BKZvzvUB6zLxEwJ6sBE3ozcvP8kF6Uk5PXN0Q+c0dfhGX0g==",
			"dev": true
		},
		"node_modules/@types/trusted-types": {
			"version": "2.0.7",
			"resolved": "https://registry.npmjs.org/@types/trusted-types/-/trusted-types-2.0.7.tgz",
			"integrity": "sha512-ScaPdn1dQczgbl0QFTeTOmVHFULt394XJgOQNoyVhZ6r2vLnMLJfBPd53SB52T/3G36VI1/g2MZaX0cwDuXsfw==",
			"dev": true
		},
		"node_modules/css-selector-parser": {
			"version": "3.0.5",
			"resolved": "https://registry.npmjs.org/css-selector-parser/-/css-selector-parser-3.0.5.tgz",
			"integrity": "sha512-3itoDFbKUNx1eKmVpYMFyqKX04Ww9osZ+dLgrk6GEv6KMVeXUhUnp4I5X+evw+u3ZxVU6RFXSSRxlTeMh8bA+g==",
			"funding": [
				{
					"type": "github",
					"url": "https://github.com/sponsors/mdevils"
				},
				{
					"type": "patreon",
					"url": "https://patreon.com/mdevils"
				}
			]
		},
		"node_modules/dompurify": {
			"version": "3.1.4",
			"resolved": "https://registry.npmjs.org/dompurify/-/dompurify-3.1.4.tgz",
			"integrity": "sha512-2gnshi6OshmuKil8rMZuQCGiUF3cUxHY3NGDzUAdUx/NPEe5DVnO8BDoAQouvgwnx0R/+a6jUn36Z0FSdq8vww=="
		},
		"node_modules/fsevents": {
			"version": "2.3.2",
			"resolved": "https://registry.npmjs.org/fsevents/-/fsevents-2.3.2.tgz",
			"integrity": "sha512-xiqMQR4xAeHTuB9uWm+fFRcIOgKBMiOBP+eXiyT7jsgVCq1bkVygt00oASowB7EdtpOHaaPgKt812P9ab+DDKA==",
			"dev": true,
			"hasInstallScript": true,
			"optional": true,
			"os": [
				"darwin"
			],
			"engines": {
				"node": "^8.16.0 || ^10.6.0 || >=11.0.0"
			}
		},
		"node_modules/playwright-core": {
			"version": "1.35.1",
			"resolved": "https://registry.npmjs.org/playwright-core/-/playwright-core-1.35.1.tgz",
			"integrity": "sha512-pNXb6CQ7OqmGDRspEjlxE49w+4YtR6a3X6mT1hZXeJHWmsEz7SunmvZeiG/+y1yyMZdHnnn73WKYdtV1er0Xyg==",
			"dev": true,
			"bin": {
				"playwright-core": "cli.js"
			},
			"engines": {
				"node": ">=16"
			}
		}
	},
	"dependencies": {
		"@playwright/test": {
			"version": "1.35.1",
			"resolved": "https://registry.npmjs.org/@playwright/test/-/test-1.35.1.tgz",
			"integrity": "sha512-b5YoFe6J9exsMYg0pQAobNDR85T1nLumUYgUTtKm4d21iX2L7WqKq9dW8NGJ+2vX0etZd+Y7UeuqsxDXm9+5ZA==",
			"dev": true,
			"requires": {
				"@types/node": "*",
				"fsevents": "2.3.2",
				"playwright-core": "1.35.1"
			}
		},
		"@types/dompurify": {
			"version": "3.0.5",
			"resolved": "https://registry.npmjs.org/@types/dompurify/-/dompurify-3.0.5.tgz",
			"integrity": "sha512-1Wg0g3BtQF7sSb27fJQAKck1HECM6zV1EB66j8JH9i3LCjYabJa0FSdiSgsD5K/RbrsR0SiraKacLB+T8ZVYAg==",
			"dev": true,
			"requires": {
				"@types/trusted-types": "*"
			}
		},
		"@types/node": {
			"version": "20.4.0",
			"resolved": "https://registry.npmjs.org/@types/node/-/node-20.4.0.tgz",
			"integrity": "sha512-jfT7iTf/4kOQ9S7CHV9BIyRaQqHu67mOjsIQBC3BKZvzvUB6zLxEwJ6sBE3ozcvP8kF6Uk5PXN0Q+c0dfhGX0g==",
			"dev": true
		},
		"@types/trusted-types": {
			"version": "2.0.7",
			"resolved": "https://registry.npmjs.org/@types/trusted-types/-/trusted-types-2.0.7.tgz",
			"integrity": "sha512-ScaPdn1dQczgbl0QFTeTOmVHFULt394XJgOQNoyVhZ6r2vLnMLJfBPd53SB52T/3G36VI1/g2MZaX0cwDuXsfw==",
			"dev": true
		},
		"css-selector-parser": {
			"version": "3.0.5",
			"resolved": "https://registry.npmjs.org/css-selector-parser/-/css-selector-parser-3.0.5.tgz",
			"integrity": "sha512-3itoDFbKUNx1eKmVpYMFyqKX04Ww9osZ+dLgrk6GEv6KMVeXUhUnp4I5X+evw+u3ZxVU6RFXSSRxlTeMh8bA+g=="
		},
		"dompurify": {
			"version": "3.1.4",
			"resolved": "https://registry.npmjs.org/dompurify/-/dompurify-3.1.4.tgz",
			"integrity": "sha512-2gnshi6OshmuKil8rMZuQCGiUF3cUxHY3NGDzUAdUx/NPEe5DVnO8BDoAQouvgwnx0R/+a6jUn36Z0FSdq8vww=="
		},
		"fsevents": {
			"version": "2.3.2",
			"resolved": "https://registry.npmjs.org/fsevents/-/fsevents-2.3.2.tgz",
			"integrity": "sha512-xiqMQR4xAeHTuB9uWm+fFRcIOgKBMiOBP+eXiyT7jsgVCq1bkVygt00oASowB7EdtpOHaaPgKt812P9ab+DDKA==",
			"dev": true,
			"optional": true
		},
		"playwright-core": {
			"version": "1.35.1",
			"resolved": "https://registry.npmjs.org/playwright-core/-/playwright-core-1.35.1.tgz",
			"integrity": "sha512-pNXb6CQ7OqmGDRspEjlxE49w+4YtR6a3X6mT1hZXeJHWmsEz7SunmvZeiG/+y1yyMZdHnnn73WKYdtV1er0Xyg==",
			"dev": true
		}
	}
}
